
Microsoft Visual Studio Solution File, Format Version 12.00
# Visual Studio 15
VisualStudioVersion = 15.0.27004.2006
MinimumVisualStudioVersion = 10.0.40219.1
Project("{FAE04EC0-301F-11D3-BF4B-00C04F79EFBC}") = "XUnitTest", "XUnitTest\XUnitTest.csproj", "{0AE5FAB8-95EE-4761-A1FA-D75142147BF1}"
EndProject
Project("{FAE04EC0-301F-11D3-BF4B-00C04F79EFBC}") = "WebAPI", "WebAPI\WebAPI.csproj", "{4B59EE9A-B742-4AB1-A683-9C12C4963736}"
EndProject
Global
	GlobalSection(SolutionConfigurationPlatforms) = preSolution
		Debug|Any CPU = Debug|Any CPU
		Release|Any CPU = Release|Any CPU
	EndGlobalSection
	GlobalSection(ProjectConfigurationPlatforms) = postSolution
		{0AE5FAB8-95EE-4761-A1FA-D75142147BF1}.Debug|Any CPU.ActiveCfg = Debug|Any CPU
		{0AE5FAB8-95EE-4761-A1FA-D75142147BF1}.Debug|Any CPU.Build.0 = Debug|Any CPU
		{0AE5FAB8-95EE-4761-A1FA-D75142147BF1}.Release|Any CPU.ActiveCfg = Release|Any CPU
		{0AE5FAB8-95EE-4761-A1FA-D75142147BF1}.Release|Any CPU.Build.0 = Release|Any CPU
		{4B59EE9A-B742-4AB1-A683-9C12C4963736}.Debug|Any CPU.ActiveCfg = Debug|Any CPU
		{4B59EE9A-B742-4AB1-A683-9C12C4963736}.Debug|Any CPU.Build.0 = Debug|Any CPU
		{4B59EE9A-B742-4AB1-A683-9C12C4963736}.Release|Any CPU.ActiveCfg = Release|Any CPU
		{4B59EE9A-B742-4AB1-A683-9C12C4963736}.Release|Any CPU.Build.0 = Release|Any CPU
	EndGlobalSection
	GlobalSection(SolutionProperties) = preSolution
		HideSolutionNode = FALSE
	EndGlobalSection
	GlobalSection(ExtensibilityGlobals) = postSolution
		SolutionGuid = {85895BC8-BE76-4187-86B7-493C1A0885F6}
	EndGlobalSection
EndGlobal
